
Microsoft Visual Studio Solution File, Format Version 12.00
# Visual Studio 15
VisualStudioVersion = 15.0.28307.645
MinimumVisualStudioVersion = 10.0.40219.1
Project("{FAE04EC0-301F-11D3-BF4B-00C04F79EFBC}") = "OopsConcepts", "OopsConcepts\OopsConcepts.csproj", "{66A4E6E1-A000-468C-8363-2EBFAF1706DD}"
EndProject
Global
	GlobalSection(SolutionConfigurationPlatforms) = preSolution
		Debug|Any CPU = Debug|Any CPU
		Release|Any CPU = Release|Any CPU
	EndGlobalSection
	GlobalSection(ProjectConfigurationPlatforms) = postSolution
		{66A4E6E1-A000-468C-8363-2EBFAF1706DD}.Debug|Any CPU.ActiveCfg = Debug|Any CPU
		{66A4E6E1-A000-468C-8363-2EBFAF1706DD}.Debug|Any CPU.Build.0 = Debug|Any CPU
		{66A4E6E1-A000-468C-8363-2EBFAF1706DD}.Release|Any CPU.ActiveCfg = Release|Any CPU
		{66A4E6E1-A000-468C-8363-2EBFAF1706DD}.Release|Any CPU.Build.0 = Release|Any CPU
	EndGlobalSection
	GlobalSection(SolutionProperties) = preSolution
		HideSolutionNode = FALSE
	EndGlobalSection
	GlobalSection(ExtensibilityGlobals) = postSolution
		SolutionGuid = {EFFA8EB6-1832-40C2-A1E9-52390F34C0EC}
	EndGlobalSection
EndGlobal
